// !$*UTF8*$!
{
	archiveVersion = 1;
	classes = {
	};
	objectVersion = 50;
	objects = {

/* Begin PBXBuildFile section */
		3A5D35232511A57200EA89E3 /* AppDelegate.swift in Sources */ = {isa = PBXBuildFile; fileRef = 3A5D35222511A57200EA89E3 /* AppDelegate.swift */; };
		3A5D35252511A57200EA89E3 /* SceneDelegate.swift in Sources */ = {isa = PBXBuildFile; fileRef = 3A5D35242511A57200EA89E3 /* SceneDelegate.swift */; };
		3A5D35272511A57200EA89E3 /* FirstViewController.swift in Sources */ = {isa = PBXBuildFile; fileRef = 3A5D35262511A57200EA89E3 /* FirstViewController.swift */; };
		3A5D35292511A57200EA89E3 /* SecondViewController.swift in Sources */ = {isa = PBXBuildFile; fileRef = 3A5D35282511A57200EA89E3 /* SecondViewController.swift */; };
		3A5D352C2511A57200EA89E3 /* Main.storyboard in Resources */ = {isa = PBXBuildFile; fileRef = 3A5D352A2511A57200EA89E3 /* Main.storyboard */; };
		3A5D352E2511A57400EA89E3 /* Assets.xcassets in Resources */ = {isa = PBXBuildFile; fileRef = 3A5D352D2511A57400EA89E3 /* Assets.xcassets */; };
		3A5D35312511A57400EA89E3 /* LaunchScreen.storyboard in Resources */ = {isa = PBXBuildFile; fileRef = 3A5D352F2511A57400EA89E3 /* LaunchScreen.storyboard */; };
/* End PBXBuildFile section */

/* Begin PBXFileReference section */
		3A5D351F2511A57200EA89E3 /* MAD157Module5FamilyTreeKarenM.app */ = {isa = PBXFileReference; explicitFileType = wrapper.application; includeInIndex = 0; path = MAD157Module5FamilyTreeKarenM.app; sourceTree = BUILT_PRODUCTS_DIR; };
		3A5D35222511A57200EA89E3 /* AppDelegate.swift */ = {isa = PBXFileReference; lastKnownFileType = sourcecode.swift; path = AppDelegate.swift; sourceTree = "<group>"; };
		3A5D35242511A57200EA89E3 /* SceneDelegate.swift */ = {isa = PBXFileReference; lastKnownFileType = sourcecode.swift; path = SceneDelegate.swift; sourceTree = "<group>"; };
		3A5D35262511A57200EA89E3 /* FirstViewController.swift */ = {isa = PBXFileReference; lastKnownFileType = sourcecode.swift; path = FirstViewController.swift; sourceTree = "<group>"; };
		3A5D35282511A57200EA89E3 /* SecondViewController.swift */ = {isa = PBXFileReference; lastKnownFileType = sourcecode.swift; path = SecondViewController.swift; sourceTree = "<group>"; };
		3A5D352B2511A57200EA89E3 /* Base */ = {isa = PBXFileReference; lastKnownFileType = file.storyboard; name = Base; path = Base.lproj/Main.storyboard; sourceTree = "<group>"; };
		3A5D352D2511A57400EA89E3 /* Assets.xcassets */ = {isa = PBXFileReference; lastKnownFileType = folder.assetcatalog; path = Assets.xcassets; sourceTree = "<group>"; };
		3A5D35302511A57400EA89E3 /* Base */ = {isa = PBXFileReference; lastKnownFileType = file.storyboard; name = Base; path = Base.lproj/LaunchScreen.storyboard; sourceTree = "<group>"; };
		3A5D35322511A57400EA89E3 /* Info.plist */ = {isa = PBXFileReference; lastKnownFileType = text.plist.xml; path = Info.plist; sourceTree = "<group>"; };
/* End PBXFileReference section */

/* Begin PBXFrameworksBuildPhase section */
		3A5D351C2511A57200EA89E3 /* Frameworks */ = {
			isa = PBXFrameworksBuildPhase;
			buildActionMask = 2147483647;
			files = (
			);
			runOnlyForDeploymentPostprocessing = 0;
		};
/* End PBXFrameworksBuildPhase section */

/* Begin PBXGroup section */
		3A5D35162511A57200EA89E3 = {
			isa = PBXGroup;
			children = (
				3A5D35212511A57200EA89E3 /* MAD157Module5FamilyTreeKarenM */,
				3A5D35202511A57200EA89E3 /* Products */,
			);
			sourceTree = "<group>";
		};
		3A5D35202511A57200EA89E3 /* Products */ = {
			isa = PBXGroup;
			children = (
				3A5D351F2511A57200EA89E3 /* MAD157Module5FamilyTreeKarenM.app */,
			);
			name = Products;
			sourceTree = "<group>";
		};
		3A5D35212511A57200EA89E3 /* MAD157Module5FamilyTreeKarenM */ = {
			isa = PBXGroup;
			children = (
				3A5D35222511A57200EA89E3 /* AppDelegate.swift */,
				3A5D35242511A57200EA89E3 /* SceneDelegate.swift */,
				3A5D35262511A57200EA89E3 /* FirstViewController.swift */,
				3A5D35282511A57200EA89E3 /* SecondViewController.swift */,
				3A5D352A2511A57200EA89E3 /* Main.storyboard */,
				3A5D352D2511A57400EA89E3 /* Assets.xcassets */,
				3A5D352F2511A57400EA89E3 /* LaunchScreen.storyboard */,
				3A5D35322511A57400EA89E3 /* Info.plist */,
			);
			path = MAD157Module5FamilyTreeKarenM;
			sourceTree = "<group>";
		};
/* End PBXGroup section */

/* Begin PBXNativeTarget section */
		3A5D351E2511A57200EA89E3 /* MAD157Module5FamilyTreeKarenM */ = {
			isa = PBXNativeTarget;
			buildConfigurationList = 3A5D35352511A57400EA89E3 /* Build configuration list for PBXNativeTarget "MAD157Module5FamilyTreeKarenM" */;
			buildPhases = (
				3A5D351B2511A57200EA89E3 /* Sources */,
				3A5D351C2511A57200EA89E3 /* Frameworks */,
				3A5D351D2511A57200EA89E3 /* Resources */,
			);
			buildRules = (
			);
			dependencies = (
			);
			name = MAD157Module5FamilyTreeKarenM;
			productName = MAD157Module5FamilyTreeKarenM;
			productReference = 3A5D351F2511A57200EA89E3 /* MAD157Module5FamilyTreeKarenM.app */;
			productType = "com.apple.product-type.application";
		};
/* End PBXNativeTarget section */

/* Begin PBXProject section */
		3A5D35172511A57200EA89E3 /* Project object */ = {
			isa = PBXProject;
			attributes = {
				LastSwiftUpdateCheck = 1160;
				LastUpgradeCheck = 1160;
				ORGANIZATIONNAME = "TygerMatrix Software";
				TargetAttributes = {
					3A5D351E2511A57200EA89E3 = {
						CreatedOnToolsVersion = 11.6;
					};
				};
			};
			buildConfigurationList = 3A5D351A2511A57200EA89E3 /* Build configuration list for PBXProject "MAD157Module5FamilyTreeKarenM" */;
			compatibilityVersion = "Xcode 9.3";
			developmentRegion = en;
			hasScannedForEncodings = 0;
			knownRegions = (
				en,
				Base,
			);
			mainGroup = 3A5D35162511A57200EA89E3;
			productRefGroup = 3A5D35202511A57200EA89E3 /* Products */;
			projectDirPath = "";
			projectRoot = "";
			targets = (
				3A5D351E2511A57200EA89E3 /* MAD157Module5FamilyTreeKarenM */,
			);
		};
/* End PBXProject section */

/* Begin PBXResourcesBuildPhase section */
		3A5D351D2511A57200EA89E3 /* Resources */ = {
			isa = PBXResourcesBuildPhase;
			buildActionMask = 2147483647;
			files = (
				3A5D35312511A57400EA89E3 /* LaunchScreen.storyboard in Resources */,
				3A5D352E2511A57400EA89E3 /* Assets.xcassets in Resources */,
				3A5D352C2511A57200EA89E3 /* Main.storyboard in Resources */,
			);
			runOnlyForDeploymentPostprocessing = 0;
		};
/* End PBXResourcesBuildPhase section */

/* Begin PBXSourcesBuildPhase section */
		3A5D351B2511A57200EA89E3 /* Sources */ = {
			isa = PBXSourcesBuildPhase;
			buildActionMask = 2147483647;
			files = (
				3A5D35292511A57200EA89E3 /* SecondViewController.swift in Sources */,
				3A5D35272511A57200EA89E3 /* FirstViewController.swift in Sources */,
				3A5D35232511A57200EA89E3 /* AppDelegate.swift in Sources */,
				3A5D35252511A57200EA89E3 /* SceneDelegate.swift in Sources */,
			);
			runOnlyForDeploymentPostprocessing = 0;
		};
/* End PBXSourcesBuildPhase section */

/* Begin PBXVariantGroup section */
		3A5D352A2511A57200EA89E3 /* Main.storyboard */ = {
			isa = PBXVariantGroup;
			children = (
				3A5D352B2511A57200EA89E3 /* Base */,
			);
			name = Main.storyboard;
			sourceTree = "<group>";
		};
		3A5D352F2511A57400EA89E3 /* LaunchScreen.storyboard */ = {
			isa = PBXVariantGroup;
			children = (
				3A5D35302511A57400EA89E3 /* Base */,
			);
			name = LaunchScreen.storyboard;
			sourceTree = "<group>";
		};
/* End PBXVariantGroup section */

/* Begin XCBuildConfiguration section */
		3A5D35332511A57400EA89E3 /* Debug */ = {
			isa = XCBuildConfiguration;
			buildSettings = {
				ALWAYS_SEARCH_USER_PATHS = NO;
				CLANG_ANALYZER_NONNULL = YES;
				CLANG_ANALYZER_NUMBER_OBJECT_CONVERSION = YES_AGGRESSIVE;
				CLANG_CXX_LANGUAGE_STANDARD = "gnu++14";
				CLANG_CXX_LIBRARY = "libc++";
				CLANG_ENABLE_MODULES = YES;
				CLANG_ENABLE_OBJC_ARC = YES;
				CLANG_ENABLE_OBJC_WEAK = YES;
				CLANG_WARN_BLOCK_CAPTURE_AUTORELEASING = YES;
				CLANG_WARN_BOOL_CONVERSION = YES;
				CLANG_WARN_COMMA = YES;
				CLANG_WARN_CONSTANT_CONVERSION = YES;
				CLANG_WARN_DEPRECATED_OBJC_IMPLEMENTATIONS = YES;
				CLANG_WARN_DIRECT_OBJC_ISA_USAGE = YES_ERROR;
				CLANG_WARN_DOCUMENTATION_COMMENTS = YES;
				CLANG_WARN_EMPTY_BODY = YES;
				CLANG_WARN_ENUM_CONVERSION = YES;
				CLANG_WARN_INFINITE_RECURSION = YES;
				CLANG_WARN_INT_CONVERSION = YES;
				CLANG_WARN_NON_LITERAL_NULL_CONVERSION = YES;
				CLANG_WARN_OBJC_IMPLICIT_RETAIN_SELF = YES;
				CLANG_WARN_OBJC_LITERAL_CONVERSION = YES;
				CLANG_WARN_OBJC_ROOT_CLASS = YES_ERROR;
				CLANG_WARN_RANGE_LOOP_ANALYSIS = YES;
				CLANG_WARN_STRICT_PROTOTYPES = YES;
				CLANG_WARN_SUSPICIOUS_MOVE = YES;
				CLANG_WARN_UNGUARDED_AVAILABILITY = YES_AGGRESSIVE;
				CLANG_WARN_UNREACHABLE_CODE = YES;
				CLANG_WARN__DUPLICATE_METHOD_MATCH = YES;
				COPY_PHASE_STRIP = NO;
				DEBUG_INFORMATION_FORMAT = dwarf;
				ENABLE_STRICT_OBJC_MSGSEND = YES;
				ENABLE_TESTABILITY = YES;
				GCC_C_LANGUAGE_STANDARD = gnu11;
				GCC_DYNAMIC_NO_PIC = NO;
				GCC_NO_COMMON_BLOCKS = YES;
				GCC_OPTIMIZATION_LEVEL = 0;
				GCC_PREPROCESSOR_DEFINITIONS = (
					"DEBUG=1",
					"$(inherited)",
				);
				GCC_WARN_64_TO_32_BIT_CONVERSION = YES;
				GCC_WARN_ABOUT_RETURN_TYPE = YES_ERROR;
				GCC_WARN_UNDECLARED_SELECTOR = YES;
				GCC_WARN_UNINITIALIZED_AUTOS = YES_AGGRESSIVE;
				GCC_WARN_UNUSED_FUNCTION = YES;
				GCC_WARN_UNUSED_VARIABLE = YES;
				IPHONEOS_DEPLOYMENT_TARGET = 13.6;
				MTL_ENABLE_DEBUG_INFO = INCLUDE_SOURCE;
				MTL_FAST_MATH = YES;
				ONLY_ACTIVE_ARCH = YES;
				SDKROOT = iphoneos;
				SWIFT_ACTIVE_COMPILATION_CONDITIONS = DEBUG;
				SWIFT_OPTIMIZATION_LEVEL = "-Onone";
			};
			name = Debug;
		};
		3A5D35342511A57400EA89E3 /* Release */ = {
			isa = XCBuildConfiguration;
			buildSettings = {
				ALWAYS_SEARCH_USER_PATHS = NO;
				CLANG_ANALYZER_NONNULL = YES;
				CLANG_ANALYZER_NUMBER_OBJECT_CONVERSION = YES_AGGRESSIVE;
				CLANG_CXX_LANGUAGE_STANDARD = "gnu++14";
				CLANG_CXX_LIBRARY = "libc++";
				CLANG_ENABLE_MODULES = YES;
				CLANG_ENABLE_OBJC_ARC = YES;
				CLANG_ENABLE_OBJC_WEAK = YES;
				CLANG_WARN_BLOCK_CAPTURE_AUTORELEASING = YES;
				CLANG_WARN_BOOL_CONVERSION = YES;
				CLANG_WARN_COMMA = YES;
				CLANG_WARN_CONSTANT_CONVERSION = YES;
				CLANG_WARN_DEPRECATED_OBJC_IMPLEMENTATIONS = YES;
				CLANG_WARN_DIRECT_OBJC_ISA_USAGE = YES_ERROR;
				CLANG_WARN_DOCUMENTATION_COMMENTS = YES;
				CLANG_WARN_EMPTY_BODY = YES;
				CLANG_WARN_ENUM_CONVERSION = YES;
				CLANG_WARN_INFINITE_RECURSION = YES;
				CLANG_WARN_INT_CONVERSION = YES;
				CLANG_WARN_NON_LITERAL_NULL_CONVERSION = YES;
				CLANG_WARN_OBJC_IMPLICIT_RETAIN_SELF = YES;
				CLANG_WARN_OBJC_LITERAL_CONVERSION = YES;
				CLANG_WARN_OBJC_ROOT_CLASS = YES_ERROR;
				CLANG_WARN_RANGE_LOOP_ANALYSIS = YES;
				CLANG_WARN_STRICT_PROTOTYPES = YES;
				CLANG_WARN_SUSPICIOUS_MOVE = YES;
				CLANG_WARN_UNGUARDED_AVAILABILITY = YES_AGGRESSIVE;
				CLANG_WARN_UNREACHABLE_CODE = YES;
				CLANG_WARN__DUPLICATE_METHOD_MATCH = YES;
				COPY_PHASE_STRIP = NO;
				DEBUG_INFORMATION_FORMAT = "dwarf-with-dsym";
				ENABLE_NS_ASSERTIONS = NO;
				ENABLE_STRICT_OBJC_MSGSEND = YES;
				GCC_C_LANGUAGE_STANDARD = gnu11;
				GCC_NO_COMMON_BLOCKS = YES;
				GCC_WARN_64_TO_32_BIT_CONVERSION = YES;
				GCC_WARN_ABOUT_RETURN_TYPE = YES_ERROR;
				GCC_WARN_UNDECLARED_SELECTOR = YES;
				GCC_WARN_UNINITIALIZED_AUTOS = YES_AGGRESSIVE;
				GCC_WARN_UNUSED_FUNCTION = YES;
				GCC_WARN_UNUSED_VARIABLE = YES;
				IPHONEOS_DEPLOYMENT_TARGET = 13.6;
				MTL_ENABLE_DEBUG_INFO = NO;
				MTL_FAST_MATH = YES;
				SDKROOT = iphoneos;
				SWIFT_COMPILATION_MODE = wholemodule;
				SWIFT_OPTIMIZATION_LEVEL = "-O";
				VALIDATE_PRODUCT = YES;
			};
			name = Release;
		};
		3A5D35362511A57400EA89E3 /* Debug */ = {
			isa = XCBuildConfiguration;
			buildSettings = {
				ASSETCATALOG_COMPILER_APPICON_NAME = AppIcon;
				CODE_SIGN_STYLE = Automatic;
				INFOPLIST_FILE = MAD157Module5FamilyTreeKarenM/Info.plist;
				LD_RUNPATH_SEARCH_PATHS = (
					"$(inherited)",
					"@executable_path/Frameworks",
				);
				PRODUCT_BUNDLE_IDENTIFIER = com.TygerMatrix.MAD157Module5FamilyTreeKarenM;
				PRODUCT_NAME = "$(TARGET_NAME)";
				SWIFT_VERSION = 5.0;
				TARGETED_DEVICE_FAMILY = "1,2";
			};
			name = Debug;
		};
		3A5D35372511A57400EA89E3 /* Release */ = {
			isa = XCBuildConfiguration;
			buildSettings = {
				ASSETCATALOG_COMPILER_APPICON_NAME = AppIcon;
				CODE_SIGN_STYLE = Automatic;
				INFOPLIST_FILE = MAD157Module5FamilyTreeKarenM/Info.plist;
				LD_RUNPATH_SEARCH_PATHS = (
					"$(inherited)",
					"@executable_path/Frameworks",
				);
				PRODUCT_BUNDLE_IDENTIFIER = com.TygerMatrix.MAD157Module5FamilyTreeKarenM;
				PRODUCT_NAME = "$(TARGET_NAME)";
				SWIFT_VERSION = 5.0;
				TARGETED_DEVICE_FAMILY = "1,2";
			};
			name = Release;
		};
/* End XCBuildConfiguration section */

/* Begin XCConfigurationList section */
		3A5D351A2511A57200EA89E3 /* Build configuration list for PBXProject "MAD157Module5FamilyTreeKarenM" */ = {
			isa = XCConfigurationList;
			buildConfigurations = (
				3A5D35332511A57400EA89E3 /* Debug */,
				3A5D35342511A57400EA89E3 /* Release */,
			);
			defaultConfigurationIsVisible = 0;
			defaultConfigurationName = Release;
		};
		3A5D35352511A57400EA89E3 /* Build configuration list for PBXNativeTarget "MAD157Module5FamilyTreeKarenM" */ = {
			isa = XCConfigurationList;
			buildConfigurations = (
				3A5D35362511A57400EA89E3 /* Debug */,
				3A5D35372511A57400EA89E3 /* Release */,
			);
			defaultConfigurationIsVisible = 0;
			defaultConfigurationName = Release;
		};
/* End XCConfigurationList section */
	};
	rootObject = 3A5D35172511A57200EA89E3 /* Project object */;
}
